// !$*UTF8*$!
{
	archiveVersion = 1;
	classes = {
	};
	objectVersion = 50;
	objects = {

/* Begin PBXBuildFile section */
		63F34385249324820008E330 /* AppDelegate.swift in Sources */ = {isa = PBXBuildFile; fileRef = 63F34384249324820008E330 /* AppDelegate.swift */; };
		63F34387249324820008E330 /* SceneDelegate.swift in Sources */ = {isa = PBXBuildFile; fileRef = 63F34386249324820008E330 /* SceneDelegate.swift */; };
		63F34389249324820008E330 /* ViewController.swift in Sources */ = {isa = PBXBuildFile; fileRef = 63F34388249324820008E330 /* ViewController.swift */; };
		63F3438C249324820008E330 /* Main.storyboard in Resources */ = {isa = PBXBuildFile; fileRef = 63F3438A249324820008E330 /* Main.storyboard */; };
		63F3438E249324880008E330 /* Assets.xcassets in Resources */ = {isa = PBXBuildFile; fileRef = 63F3438D249324880008E330 /* Assets.xcassets */; };
		63F34391249324880008E330 /* LaunchScreen.storyboard in Resources */ = {isa = PBXBuildFile; fileRef = 63F3438F249324880008E330 /* LaunchScreen.storyboard */; };
		63F34399249325B30008E330 /* Notifications.swift in Sources */ = {isa = PBXBuildFile; fileRef = 63F34398249325B30008E330 /* Notifications.swift */; };
		63F3439B249326B20008E330 /* AudioPlayer.swift in Sources */ = {isa = PBXBuildFile; fileRef = 63F3439A249326B20008E330 /* AudioPlayer.swift */; };
		63F3439E249329F60008E330 /* singlebell.wav in Resources */ = {isa = PBXBuildFile; fileRef = 63F3439C249329F60008E330 /* singlebell.wav */; };
		63F3439F249329F60008E330 /* multibell.mp3 in Resources */ = {isa = PBXBuildFile; fileRef = 63F3439D249329F60008E330 /* multibell.mp3 */; };
/* End PBXBuildFile section */

/* Begin PBXFileReference section */
		63F34381249324820008E330 /* BellRinger.app */ = {isa = PBXFileReference; explicitFileType = wrapper.application; includeInIndex = 0; path = BellRinger.app; sourceTree = BUILT_PRODUCTS_DIR; };
		63F34384249324820008E330 /* AppDelegate.swift */ = {isa = PBXFileReference; lastKnownFileType = sourcecode.swift; path = AppDelegate.swift; sourceTree = "<group>"; };
		63F34386249324820008E330 /* SceneDelegate.swift */ = {isa = PBXFileReference; lastKnownFileType = sourcecode.swift; path = SceneDelegate.swift; sourceTree = "<group>"; };
		63F34388249324820008E330 /* ViewController.swift */ = {isa = PBXFileReference; lastKnownFileType = sourcecode.swift; path = ViewController.swift; sourceTree = "<group>"; };
		63F3438B249324820008E330 /* Base */ = {isa = PBXFileReference; lastKnownFileType = file.storyboard; name = Base; path = Base.lproj/Main.storyboard; sourceTree = "<group>"; };
		63F3438D249324880008E330 /* Assets.xcassets */ = {isa = PBXFileReference; lastKnownFileType = folder.assetcatalog; path = Assets.xcassets; sourceTree = "<group>"; };
		63F34390249324880008E330 /* Base */ = {isa = PBXFileReference; lastKnownFileType = file.storyboard; name = Base; path = Base.lproj/LaunchScreen.storyboard; sourceTree = "<group>"; };
		63F34392249324880008E330 /* Info.plist */ = {isa = PBXFileReference; lastKnownFileType = text.plist.xml; path = Info.plist; sourceTree = "<group>"; };
		63F34398249325B30008E330 /* Notifications.swift */ = {isa = PBXFileReference; lastKnownFileType = sourcecode.swift; path = Notifications.swift; sourceTree = "<group>"; };
		63F3439A249326B20008E330 /* AudioPlayer.swift */ = {isa = PBXFileReference; lastKnownFileType = sourcecode.swift; path = AudioPlayer.swift; sourceTree = "<group>"; };
		63F3439C249329F60008E330 /* singlebell.wav */ = {isa = PBXFileReference; lastKnownFileType = audio.wav; path = singlebell.wav; sourceTree = "<group>"; };
		63F3439D249329F60008E330 /* multibell.mp3 */ = {isa = PBXFileReference; lastKnownFileType = audio.mp3; path = multibell.mp3; sourceTree = "<group>"; };
/* End PBXFileReference section */

/* Begin PBXFrameworksBuildPhase section */
		63F3437E249324820008E330 /* Frameworks */ = {
			isa = PBXFrameworksBuildPhase;
			buildActionMask = 2147483647;
			files = (
			);
			runOnlyForDeploymentPostprocessing = 0;
		};
/* End PBXFrameworksBuildPhase section */

/* Begin PBXGroup section */
		63F34378249324820008E330 = {
			isa = PBXGroup;
			children = (
				63F34383249324820008E330 /* BellRinger */,
				63F34382249324820008E330 /* Products */,
			);
			sourceTree = "<group>";
		};
		63F34382249324820008E330 /* Products */ = {
			isa = PBXGroup;
			children = (
				63F34381249324820008E330 /* BellRinger.app */,
			);
			name = Products;
			sourceTree = "<group>";
		};
		63F34383249324820008E330 /* BellRinger */ = {
			isa = PBXGroup;
			children = (
				63F34384249324820008E330 /* AppDelegate.swift */,
				63F34386249324820008E330 /* SceneDelegate.swift */,
				63F34398249325B30008E330 /* Notifications.swift */,
				63F3439A249326B20008E330 /* AudioPlayer.swift */,
				63F34388249324820008E330 /* ViewController.swift */,
				63F3438A249324820008E330 /* Main.storyboard */,
				63F3438D249324880008E330 /* Assets.xcassets */,
				63F3439D249329F60008E330 /* multibell.mp3 */,
				63F3439C249329F60008E330 /* singlebell.wav */,
				63F3438F249324880008E330 /* LaunchScreen.storyboard */,
				63F34392249324880008E330 /* Info.plist */,
			);
			path = BellRinger;
			sourceTree = "<group>";
		};
/* End PBXGroup section */

/* Begin PBXNativeTarget section */
		63F34380249324820008E330 /* BellRinger */ = {
			isa = PBXNativeTarget;
			buildConfigurationList = 63F34395249324880008E330 /* Build configuration list for PBXNativeTarget "BellRinger" */;
			buildPhases = (
				63F3437D249324820008E330 /* Sources */,
				63F3437E249324820008E330 /* Frameworks */,
				63F3437F249324820008E330 /* Resources */,
			);
			buildRules = (
			);
			dependencies = (
			);
			name = BellRinger;
			productName = BellRinger;
			productReference = 63F34381249324820008E330 /* BellRinger.app */;
			productType = "com.apple.product-type.application";
		};
/* End PBXNativeTarget section */

/* Begin PBXProject section */
		63F34379249324820008E330 /* Project object */ = {
			isa = PBXProject;
			attributes = {
				LastSwiftUpdateCheck = 1150;
				LastUpgradeCheck = 1150;
				ORGANIZATIONNAME = "Chad Parker";
				TargetAttributes = {
					63F34380249324820008E330 = {
						CreatedOnToolsVersion = 11.5;
					};
				};
			};
			buildConfigurationList = 63F3437C249324820008E330 /* Build configuration list for PBXProject "BellRinger" */;
			compatibilityVersion = "Xcode 9.3";
			developmentRegion = en;
			hasScannedForEncodings = 0;
			knownRegions = (
				en,
				Base,
			);
			mainGroup = 63F34378249324820008E330;
			productRefGroup = 63F34382249324820008E330 /* Products */;
			projectDirPath = "";
			projectRoot = "";
			targets = (
				63F34380249324820008E330 /* BellRinger */,
			);
		};
/* End PBXProject section */

/* Begin PBXResourcesBuildPhase section */
		63F3437F249324820008E330 /* Resources */ = {
			isa = PBXResourcesBuildPhase;
			buildActionMask = 2147483647;
			files = (
				63F3439F249329F60008E330 /* multibell.mp3 in Resources */,
				63F34391249324880008E330 /* LaunchScreen.storyboard in Resources */,
				63F3438E249324880008E330 /* Assets.xcassets in Resources */,
				63F3438C249324820008E330 /* Main.storyboard in Resources */,
				63F3439E249329F60008E330 /* singlebell.wav in Resources */,
			);
			runOnlyForDeploymentPostprocessing = 0;
		};
/* End PBXResourcesBuildPhase section */

/* Begin PBXSourcesBuildPhase section */
		63F3437D249324820008E330 /* Sources */ = {
			isa = PBXSourcesBuildPhase;
			buildActionMask = 2147483647;
			files = (
				63F34399249325B30008E330 /* Notifications.swift in Sources */,
				63F34389249324820008E330 /* ViewController.swift in Sources */,
				63F3439B249326B20008E330 /* AudioPlayer.swift in Sources */,
				63F34385249324820008E330 /* AppDelegate.swift in Sources */,
				63F34387249324820008E330 /* SceneDelegate.swift in Sources */,
			);
			runOnlyForDeploymentPostprocessing = 0;
		};
/* End PBXSourcesBuildPhase section */

/* Begin PBXVariantGroup section */
		63F3438A249324820008E330 /* Main.storyboard */ = {
			isa = PBXVariantGroup;
			children = (
				63F3438B249324820008E330 /* Base */,
			);
			name = Main.storyboard;
			sourceTree = "<group>";
		};
		63F3438F249324880008E330 /* LaunchScreen.storyboard */ = {
			isa = PBXVariantGroup;
			children = (
				63F34390249324880008E330 /* Base */,
			);
			name = LaunchScreen.storyboard;
			sourceTree = "<group>";
		};
/* End PBXVariantGroup section */

/* Begin XCBuildConfiguration section */
		63F34393249324880008E330 /* Debug */ = {
			isa = XCBuildConfiguration;
			buildSettings = {
				ALWAYS_SEARCH_USER_PATHS = NO;
				CLANG_ANALYZER_NONNULL = YES;
				CLANG_ANALYZER_NUMBER_OBJECT_CONVERSION = YES_AGGRESSIVE;
				CLANG_CXX_LANGUAGE_STANDARD = "gnu++14";
				CLANG_CXX_LIBRARY = "libc++";
				CLANG_ENABLE_MODULES = YES;
				CLANG_ENABLE_OBJC_ARC = YES;
				CLANG_ENABLE_OBJC_WEAK = YES;
				CLANG_WARN_BLOCK_CAPTURE_AUTORELEASING = YES;
				CLANG_WARN_BOOL_CONVERSION = YES;
				CLANG_WARN_COMMA = YES;
				CLANG_WARN_CONSTANT_CONVERSION = YES;
				CLANG_WARN_DEPRECATED_OBJC_IMPLEMENTATIONS = YES;
				CLANG_WARN_DIRECT_OBJC_ISA_USAGE = YES_ERROR;
				CLANG_WARN_DOCUMENTATION_COMMENTS = YES;
				CLANG_WARN_EMPTY_BODY = YES;
				CLANG_WARN_ENUM_CONVERSION = YES;
				CLANG_WARN_INFINITE_RECURSION = YES;
				CLANG_WARN_INT_CONVERSION = YES;
				CLANG_WARN_NON_LITERAL_NULL_CONVERSION = YES;
				CLANG_WARN_OBJC_IMPLICIT_RETAIN_SELF = YES;
				CLANG_WARN_OBJC_LITERAL_CONVERSION = YES;
				CLANG_WARN_OBJC_ROOT_CLASS = YES_ERROR;
				CLANG_WARN_RANGE_LOOP_ANALYSIS = YES;
				CLANG_WARN_STRICT_PROTOTYPES = YES;
				CLANG_WARN_SUSPICIOUS_MOVE = YES;
				CLANG_WARN_UNGUARDED_AVAILABILITY = YES_AGGRESSIVE;
				CLANG_WARN_UNREACHABLE_CODE = YES;
				CLANG_WARN__DUPLICATE_METHOD_MATCH = YES;
				COPY_PHASE_STRIP = NO;
				DEBUG_INFORMATION_FORMAT = dwarf;
				ENABLE_STRICT_OBJC_MSGSEND = YES;
				ENABLE_TESTABILITY = YES;
				GCC_C_LANGUAGE_STANDARD = gnu11;
				GCC_DYNAMIC_NO_PIC = NO;
				GCC_NO_COMMON_BLOCKS = YES;
				GCC_OPTIMIZATION_LEVEL = 0;
				GCC_PREPROCESSOR_DEFINITIONS = (
					"DEBUG=1",
					"$(inherited)",
				);
				GCC_WARN_64_TO_32_BIT_CONVERSION = YES;
				GCC_WARN_ABOUT_RETURN_TYPE = YES_ERROR;
				GCC_WARN_UNDECLARED_SELECTOR = YES;
				GCC_WARN_UNINITIALIZED_AUTOS = YES_AGGRESSIVE;
				GCC_WARN_UNUSED_FUNCTION = YES;
				GCC_WARN_UNUSED_VARIABLE = YES;
				IPHONEOS_DEPLOYMENT_TARGET = 13.5;
				MTL_ENABLE_DEBUG_INFO = INCLUDE_SOURCE;
				MTL_FAST_MATH = YES;
				ONLY_ACTIVE_ARCH = YES;
				SDKROOT = iphoneos;
				SWIFT_ACTIVE_COMPILATION_CONDITIONS = DEBUG;
				SWIFT_OPTIMIZATION_LEVEL = "-Onone";
			};
			name = Debug;
		};
		63F34394249324880008E330 /* Release */ = {
			isa = XCBuildConfiguration;
			buildSettings = {
				ALWAYS_SEARCH_USER_PATHS = NO;
				CLANG_ANALYZER_NONNULL = YES;
				CLANG_ANALYZER_NUMBER_OBJECT_CONVERSION = YES_AGGRESSIVE;
				CLANG_CXX_LANGUAGE_STANDARD = "gnu++14";
				CLANG_CXX_LIBRARY = "libc++";
				CLANG_ENABLE_MODULES = YES;
				CLANG_ENABLE_OBJC_ARC = YES;
				CLANG_ENABLE_OBJC_WEAK = YES;
				CLANG_WARN_BLOCK_CAPTURE_AUTORELEASING = YES;
				CLANG_WARN_BOOL_CONVERSION = YES;
				CLANG_WARN_COMMA = YES;
				CLANG_WARN_CONSTANT_CONVERSION = YES;
				CLANG_WARN_DEPRECATED_OBJC_IMPLEMENTATIONS = YES;
				CLANG_WARN_DIRECT_OBJC_ISA_USAGE = YES_ERROR;
				CLANG_WARN_DOCUMENTATION_COMMENTS = YES;
				CLANG_WARN_EMPTY_BODY = YES;
				CLANG_WARN_ENUM_CONVERSION = YES;
				CLANG_WARN_INFINITE_RECURSION = YES;
				CLANG_WARN_INT_CONVERSION = YES;
				CLANG_WARN_NON_LITERAL_NULL_CONVERSION = YES;
				CLANG_WARN_OBJC_IMPLICIT_RETAIN_SELF = YES;
				CLANG_WARN_OBJC_LITERAL_CONVERSION = YES;
				CLANG_WARN_OBJC_ROOT_CLASS = YES_ERROR;
				CLANG_WARN_RANGE_LOOP_ANALYSIS = YES;
				CLANG_WARN_STRICT_PROTOTYPES = YES;
				CLANG_WARN_SUSPICIOUS_MOVE = YES;
				CLANG_WARN_UNGUARDED_AVAILABILITY = YES_AGGRESSIVE;
				CLANG_WARN_UNREACHABLE_CODE = YES;
				CLANG_WARN__DUPLICATE_METHOD_MATCH = YES;
				COPY_PHASE_STRIP = NO;
				DEBUG_INFORMATION_FORMAT = "dwarf-with-dsym";
				ENABLE_NS_ASSERTIONS = NO;
				ENABLE_STRICT_OBJC_MSGSEND = YES;
				GCC_C_LANGUAGE_STANDARD = gnu11;
				GCC_NO_COMMON_BLOCKS = YES;
				GCC_WARN_64_TO_32_BIT_CONVERSION = YES;
				GCC_WARN_ABOUT_RETURN_TYPE = YES_ERROR;
				GCC_WARN_UNDECLARED_SELECTOR = YES;
				GCC_WARN_UNINITIALIZED_AUTOS = YES_AGGRESSIVE;
				GCC_WARN_UNUSED_FUNCTION = YES;
				GCC_WARN_UNUSED_VARIABLE = YES;
				IPHONEOS_DEPLOYMENT_TARGET = 13.5;
				MTL_ENABLE_DEBUG_INFO = NO;
				MTL_FAST_MATH = YES;
				SDKROOT = iphoneos;
				SWIFT_COMPILATION_MODE = wholemodule;
				SWIFT_OPTIMIZATION_LEVEL = "-O";
				VALIDATE_PRODUCT = YES;
			};
			name = Release;
		};
		63F34396249324880008E330 /* Debug */ = {
			isa = XCBuildConfiguration;
			buildSettings = {
				ASSETCATALOG_COMPILER_APPICON_NAME = AppIcon;
				CODE_SIGN_STYLE = Automatic;
				DEVELOPMENT_TEAM = 249LNXJ9HG;
				INFOPLIST_FILE = BellRinger/Info.plist;
				IPHONEOS_DEPLOYMENT_TARGET = 13.1;
				LD_RUNPATH_SEARCH_PATHS = (
					"$(inherited)",
					"@executable_path/Frameworks",
				);
				PRODUCT_BUNDLE_IDENTIFIER = com.chadparker.BellRinger;
				PRODUCT_NAME = "$(TARGET_NAME)";
				SWIFT_VERSION = 5.0;
				TARGETED_DEVICE_FAMILY = "1,2";
			};
			name = Debug;
		};
		63F34397249324880008E330 /* Release */ = {
			isa = XCBuildConfiguration;
			buildSettings = {
				ASSETCATALOG_COMPILER_APPICON_NAME = AppIcon;
				CODE_SIGN_STYLE = Automatic;
				DEVELOPMENT_TEAM = 249LNXJ9HG;
				INFOPLIST_FILE = BellRinger/Info.plist;
				IPHONEOS_DEPLOYMENT_TARGET = 13.1;
				LD_RUNPATH_SEARCH_PATHS = (
					"$(inherited)",
					"@executable_path/Frameworks",
				);
				PRODUCT_BUNDLE_IDENTIFIER = com.chadparker.BellRinger;
				PRODUCT_NAME = "$(TARGET_NAME)";
				SWIFT_VERSION = 5.0;
				TARGETED_DEVICE_FAMILY = "1,2";
			};
			name = Release;
		};
/* End XCBuildConfiguration section */

/* Begin XCConfigurationList section */
		63F3437C249324820008E330 /* Build configuration list for PBXProject "BellRinger" */ = {
			isa = XCConfigurationList;
			buildConfigurations = (
				63F34393249324880008E330 /* Debug */,
				63F34394249324880008E330 /* Release */,
			);
			defaultConfigurationIsVisible = 0;
			defaultConfigurationName = Release;
		};
		63F34395249324880008E330 /* Build configuration list for PBXNativeTarget "BellRinger" */ = {
			isa = XCConfigurationList;
			buildConfigurations = (
				63F34396249324880008E330 /* Debug */,
				63F34397249324880008E330 /* Release */,
			);
			defaultConfigurationIsVisible = 0;
			defaultConfigurationName = Release;
		};
/* End XCConfigurationList section */
	};
	rootObject = 63F34379249324820008E330 /* Project object */;
}
